
Microsoft Visual Studio Solution File, Format Version 12.00
# Visual Studio Version 17
VisualStudioVersion = 17.0.32112.339
MinimumVisualStudioVersion = 10.0.40219.1
Project("{9A19103F-16F7-4668-BE54-9A1E7A4F7556}") = "ArtMind.AppFlow", "ArtMind.AppFlow\ArtMind.AppFlow.csproj", "{3AE9C14B-BD02-4953-BCDC-52E7CD649A55}"
EndProject
Project("{9A19103F-16F7-4668-BE54-9A1E7A4F7556}") = "ArtMind.AppFlow.UseCase.Service", "..\samples\ArtMind.AppFlow.UseCase.Service\ArtMind.AppFlow.UseCase.Service.csproj", "{9835343C-D4D4-4BEB-92B9-E44E8F0CD70B}"
EndProject
Project("{2150E333-8FDC-42A3-9474-1A3956D46DE8}") = "samples", "samples", "{77EF5696-9FC5-4D0A-B8F1-40FFE9D7659B}"
EndProject
Project("{2150E333-8FDC-42A3-9474-1A3956D46DE8}") = "cidi", "cidi", "{1804C125-8CB9-4D6D-9A87-7AF435B5EAE6}"
	ProjectSection(SolutionItems) = preProject
		..\cicd\live_build.yml = ..\cicd\live_build.yml
		..\cicd\preview_build.yml = ..\cicd\preview_build.yml
	EndProjectSection
EndProject
Project("{2150E333-8FDC-42A3-9474-1A3956D46DE8}") = "docs", "docs", "{8C4FD4D9-3E5D-4306-8114-A6BD2AD57889}"
	ProjectSection(SolutionItems) = preProject
		..\docs\README.md = ..\docs\README.md
	EndProjectSection
EndProject
Project("{2150E333-8FDC-42A3-9474-1A3956D46DE8}") = "icons", "icons", "{1B4F874E-F0D4-40AC-9092-A56887A9BBDB}"
	ProjectSection(SolutionItems) = preProject
		..\docs\icons\favicon.ico = ..\docs\icons\favicon.ico
		..\docs\icons\favicon_max.ico = ..\docs\icons\favicon_max.ico
		..\docs\icons\logo.png = ..\docs\icons\logo.png
		..\docs\icons\logo_128x128.png = ..\docs\icons\logo_128x128.png
		..\docs\icons\logo_80x80.png = ..\docs\icons\logo_80x80.png
	EndProjectSection
EndProject
Project("{9A19103F-16F7-4668-BE54-9A1E7A4F7556}") = "ArtMind.AppFlow.Abstractions", "ArtMind.AppFlow.Abstractions\ArtMind.AppFlow.Abstractions.csproj", "{B8ED31E4-BA2C-46C1-8CC5-CE9142C2430F}"
EndProject
Project("{2150E333-8FDC-42A3-9474-1A3956D46DE8}") = "consoles", "consoles", "{F4645D89-F3FB-4289-8F05-06A496066A8A}"
EndProject
Project("{FAE04EC0-301F-11D3-BF4B-00C04F79EFBC}") = "ArtMind.AppFlow.UseCase.TextToSpeach", "..\samples\ArtMind.AppFlow.UseCase.TextToSpeach\ArtMind.AppFlow.UseCase.TextToSpeach.csproj", "{03F194A1-B3B7-49CF-882A-8D02B36F276A}"
EndProject
Project("{FAE04EC0-301F-11D3-BF4B-00C04F79EFBC}") = "ArtMind.AppFlow.UseCase.DummyConsole", "..\samples\ArtMind.AppFlow.UseCase.DummyConsole\ArtMind.AppFlow.UseCase.DummyConsole.csproj", "{EB768714-A275-49FD-993D-9A066327F692}"
EndProject
Project("{2150E333-8FDC-42A3-9474-1A3956D46DE8}") = "services", "services", "{71305277-442F-4083-81F3-75B9D896AD1A}"
EndProject
Project("{FAE04EC0-301F-11D3-BF4B-00C04F79EFBC}") = "ArtMind.AppFlow.UseCase.DummyService", "..\samples\ArtMind.AppFlow.UseCase.DummyService\ArtMind.AppFlow.UseCase.DummyService.csproj", "{1B94B3A8-46D1-43A2-B243-AB6C974F77D0}"
EndProject
Project("{FAE04EC0-301F-11D3-BF4B-00C04F79EFBC}") = "ArtMind.AppFlow.UseCase.EtlService", "..\samples\ArtMind.AppFlow.UseCase.EtlService\ArtMind.AppFlow.UseCase.EtlService.csproj", "{2F81321C-CB93-4DD3-9307-446103081C53}"
EndProject
Global
	GlobalSection(SolutionConfigurationPlatforms) = preSolution
		Debug|Any CPU = Debug|Any CPU
		Release|Any CPU = Release|Any CPU
	EndGlobalSection
	GlobalSection(ProjectConfigurationPlatforms) = postSolution
		{3AE9C14B-BD02-4953-BCDC-52E7CD649A55}.Debug|Any CPU.ActiveCfg = Debug|Any CPU
		{3AE9C14B-BD02-4953-BCDC-52E7CD649A55}.Debug|Any CPU.Build.0 = Debug|Any CPU
		{3AE9C14B-BD02-4953-BCDC-52E7CD649A55}.Release|Any CPU.ActiveCfg = Release|Any CPU
		{3AE9C14B-BD02-4953-BCDC-52E7CD649A55}.Release|Any CPU.Build.0 = Release|Any CPU
		{9835343C-D4D4-4BEB-92B9-E44E8F0CD70B}.Debug|Any CPU.ActiveCfg = Debug|Any CPU
		{9835343C-D4D4-4BEB-92B9-E44E8F0CD70B}.Debug|Any CPU.Build.0 = Debug|Any CPU
		{9835343C-D4D4-4BEB-92B9-E44E8F0CD70B}.Release|Any CPU.ActiveCfg = Release|Any CPU
		{9835343C-D4D4-4BEB-92B9-E44E8F0CD70B}.Release|Any CPU.Build.0 = Release|Any CPU
		{B8ED31E4-BA2C-46C1-8CC5-CE9142C2430F}.Debug|Any CPU.ActiveCfg = Debug|Any CPU
		{B8ED31E4-BA2C-46C1-8CC5-CE9142C2430F}.Debug|Any CPU.Build.0 = Debug|Any CPU
		{B8ED31E4-BA2C-46C1-8CC5-CE9142C2430F}.Release|Any CPU.ActiveCfg = Release|Any CPU
		{B8ED31E4-BA2C-46C1-8CC5-CE9142C2430F}.Release|Any CPU.Build.0 = Release|Any CPU
		{03F194A1-B3B7-49CF-882A-8D02B36F276A}.Debug|Any CPU.ActiveCfg = Debug|Any CPU
		{03F194A1-B3B7-49CF-882A-8D02B36F276A}.Debug|Any CPU.Build.0 = Debug|Any CPU
		{03F194A1-B3B7-49CF-882A-8D02B36F276A}.Release|Any CPU.ActiveCfg = Release|Any CPU
		{03F194A1-B3B7-49CF-882A-8D02B36F276A}.Release|Any CPU.Build.0 = Release|Any CPU
		{EB768714-A275-49FD-993D-9A066327F692}.Debug|Any CPU.ActiveCfg = Debug|Any CPU
		{EB768714-A275-49FD-993D-9A066327F692}.Debug|Any CPU.Build.0 = Debug|Any CPU
		{EB768714-A275-49FD-993D-9A066327F692}.Release|Any CPU.ActiveCfg = Release|Any CPU
		{EB768714-A275-49FD-993D-9A066327F692}.Release|Any CPU.Build.0 = Release|Any CPU
		{1B94B3A8-46D1-43A2-B243-AB6C974F77D0}.Debug|Any CPU.ActiveCfg = Debug|Any CPU
		{1B94B3A8-46D1-43A2-B243-AB6C974F77D0}.Debug|Any CPU.Build.0 = Debug|Any CPU
		{1B94B3A8-46D1-43A2-B243-AB6C974F77D0}.Release|Any CPU.ActiveCfg = Release|Any CPU
		{1B94B3A8-46D1-43A2-B243-AB6C974F77D0}.Release|Any CPU.Build.0 = Release|Any CPU
		{2F81321C-CB93-4DD3-9307-446103081C53}.Debug|Any CPU.ActiveCfg = Debug|Any CPU
		{2F81321C-CB93-4DD3-9307-446103081C53}.Debug|Any CPU.Build.0 = Debug|Any CPU
		{2F81321C-CB93-4DD3-9307-446103081C53}.Release|Any CPU.ActiveCfg = Release|Any CPU
		{2F81321C-CB93-4DD3-9307-446103081C53}.Release|Any CPU.Build.0 = Release|Any CPU
	EndGlobalSection
	GlobalSection(SolutionProperties) = preSolution
		HideSolutionNode = FALSE
	EndGlobalSection
	GlobalSection(NestedProjects) = preSolution
		{9835343C-D4D4-4BEB-92B9-E44E8F0CD70B} = {71305277-442F-4083-81F3-75B9D896AD1A}
		{1B4F874E-F0D4-40AC-9092-A56887A9BBDB} = {8C4FD4D9-3E5D-4306-8114-A6BD2AD57889}
		{F4645D89-F3FB-4289-8F05-06A496066A8A} = {77EF5696-9FC5-4D0A-B8F1-40FFE9D7659B}
		{03F194A1-B3B7-49CF-882A-8D02B36F276A} = {F4645D89-F3FB-4289-8F05-06A496066A8A}
		{EB768714-A275-49FD-993D-9A066327F692} = {F4645D89-F3FB-4289-8F05-06A496066A8A}
		{71305277-442F-4083-81F3-75B9D896AD1A} = {77EF5696-9FC5-4D0A-B8F1-40FFE9D7659B}
		{1B94B3A8-46D1-43A2-B243-AB6C974F77D0} = {71305277-442F-4083-81F3-75B9D896AD1A}
		{2F81321C-CB93-4DD3-9307-446103081C53} = {71305277-442F-4083-81F3-75B9D896AD1A}
	EndGlobalSection
	GlobalSection(ExtensibilityGlobals) = postSolution
		SolutionGuid = {3D2C1899-DF0D-4BB5-BA79-4E77E5D62F64}
	EndGlobalSection
EndGlobal
